# THIS IS AN AUTOGENERATED FILE. DO NOT EDIT THIS FILE DIRECTLY.
# yarn lockfile v1


"@babel/runtime@^7.1.2", "@babel/runtime@^7.2.0":
  version "7.3.1"
  resolved "https://registry.yarnpkg.com/@babel/runtime/-/runtime-7.3.1.tgz#574b03e8e8a9898eaf4a872a92ea20b7846f6f2a"
  dependencies:
    regenerator-runtime "^0.12.0"

"@react-bootstrap/react-popper@1.2.1":
  version "1.2.1"
  resolved "https://registry.yarnpkg.com/@react-bootstrap/react-popper/-/react-popper-1.2.1.tgz#4edf4851d5b4dcf2eb6b264ebbed1a7b7654177b"
  dependencies:
    babel-runtime "6.x.x"
    create-react-context "^0.2.1"
    popper.js "^1.14.4"
    prop-types "^15.6.1"
    typed-styles "^0.0.5"
    warning "^3.0.0"

"@semantic-ui-react/event-stack@^3.0.1":
  version "3.0.1"
  resolved "https://registry.yarnpkg.com/@semantic-ui-react/event-stack/-/event-stack-3.0.1.tgz#41d0b095ac94cc5e1607a4fed4d0f8860d0d2e60"
  dependencies:
    exenv "^1.2.2"
    prop-types "^15.6.2"

asap@~2.0.3:
  version "2.0.6"
  resolved "https://registry.yarnpkg.com/asap/-/asap-2.0.6.tgz#e50347611d7e690943208bbdafebcbc2fb866d46"

babel-runtime@6.x.x:
  version "6.26.0"
  resolved "https://registry.yarnpkg.com/babel-runtime/-/babel-runtime-6.26.0.tgz#965c7058668e82b55d7bfe04ff2337bc8b5647fe"
  dependencies:
    core-js "^2.4.0"
    regenerator-runtime "^0.11.0"

classnames@^2.2.6:
  version "2.2.6"
  resolved "https://registry.yarnpkg.com/classnames/-/classnames-2.2.6.tgz#43935bffdd291f326dad0a205309b38d00f650ce"

core-js@^1.0.0:
  version "1.2.7"
  resolved "https://registry.yarnpkg.com/core-js/-/core-js-1.2.7.tgz#652294c14651db28fa93bd2d5ff2983a4f08c636"

core-js@^2.4.0:
  version "2.6.4"
  resolved "https://registry.yarnpkg.com/core-js/-/core-js-2.6.4.tgz#b8897c062c4d769dd30a0ac5c73976c47f92ea0d"

create-react-context@<=0.2.2:
  version "0.2.2"
  resolved "https://registry.yarnpkg.com/create-react-context/-/create-react-context-0.2.2.tgz#9836542f9aaa22868cd7d4a6f82667df38019dca"
  dependencies:
    fbjs "^0.8.0"
    gud "^1.0.0"

create-react-context@^0.2.1:
  version "0.2.3"
  resolved "https://registry.yarnpkg.com/create-react-context/-/create-react-context-0.2.3.tgz#9ec140a6914a22ef04b8b09b7771de89567cb6f3"
  dependencies:
    fbjs "^0.8.0"
    gud "^1.0.0"

dom-helpers@^3.3.1, dom-helpers@^3.4.0:
  version "3.4.0"
  resolved "https://registry.yarnpkg.com/dom-helpers/-/dom-helpers-3.4.0.tgz#e9b369700f959f62ecde5a6babde4bccd9169af8"
  dependencies:
    "@babel/runtime" "^7.1.2"

encoding@^0.1.11:
  version "0.1.12"
  resolved "https://registry.yarnpkg.com/encoding/-/encoding-0.1.12.tgz#538b66f3ee62cd1ab51ec323829d1f9480c74beb"
  dependencies:
    iconv-lite "~0.4.13"

exenv@^1.2.2:
  version "1.2.2"
  resolved "https://registry.yarnpkg.com/exenv/-/exenv-1.2.2.tgz#2ae78e85d9894158670b03d47bec1f03bd91bb9d"

fbjs@^0.8.0:
  version "0.8.17"
  resolved "https://registry.yarnpkg.com/fbjs/-/fbjs-0.8.17.tgz#c4d598ead6949112653d6588b01a5cdcd9f90fdd"
  dependencies:
    core-js "^1.0.0"
    isomorphic-fetch "^2.1.1"
    loose-envify "^1.0.0"
    object-assign "^4.1.0"
    promise "^7.1.1"
    setimmediate "^1.0.5"
    ua-parser-js "^0.7.18"

gud@^1.0.0:
  version "1.0.0"
  resolved "https://registry.yarnpkg.com/gud/-/gud-1.0.0.tgz#a489581b17e6a70beca9abe3ae57de7a499852c0"

history@^4.7.2:
  version "4.7.2"
  resolved "https://registry.yarnpkg.com/history/-/history-4.7.2.tgz#22b5c7f31633c5b8021c7f4a8a954ac139ee8d5b"
  dependencies:
    invariant "^2.2.1"
    loose-envify "^1.2.0"
    resolve-pathname "^2.2.0"
    value-equal "^0.4.0"
    warning "^3.0.0"

hoist-non-react-statics@^2.5.0:
  version "2.5.5"
  resolved "https://registry.yarnpkg.com/hoist-non-react-statics/-/hoist-non-react-statics-2.5.5.tgz#c5903cf409c0dfd908f388e619d86b9c1174cb47"

iconv-lite@~0.4.13:
  version "0.4.24"
  resolved "https://registry.yarnpkg.com/iconv-lite/-/iconv-lite-0.4.24.tgz#2022b4b25fbddc21d2f524974a474aafe733908b"
  dependencies:
    safer-buffer ">= 2.1.2 < 3"

invariant@^2.2.1, invariant@^2.2.3, invariant@^2.2.4:
  version "2.2.4"
  resolved "https://registry.yarnpkg.com/invariant/-/invariant-2.2.4.tgz#610f3c92c9359ce1db616e538008d23ff35158e6"
  dependencies:
    loose-envify "^1.0.0"

is-stream@^1.0.1:
  version "1.1.0"
  resolved "https://registry.yarnpkg.com/is-stream/-/is-stream-1.1.0.tgz#12d4a3dd4e68e0b79ceb8dbc84173ae80d91ca44"

isarray@0.0.1:
  version "0.0.1"
  resolved "https://registry.yarnpkg.com/isarray/-/isarray-0.0.1.tgz#8a18acfca9a8f4177e09abfc6038939b05d1eedf"

isomorphic-fetch@^2.1.1:
  version "2.2.1"
  resolved "https://registry.yarnpkg.com/isomorphic-fetch/-/isomorphic-fetch-2.2.1.tgz#611ae1acf14f5e81f729507472819fe9733558a9"
  dependencies:
    node-fetch "^1.0.1"
    whatwg-fetch ">=0.10.0"

jquery@x.*:
  version "3.3.1"
  resolved "https://registry.yarnpkg.com/jquery/-/jquery-3.3.1.tgz#958ce29e81c9790f31be7792df5d4d95fc57fbca"

"js-tokens@^3.0.0 || ^4.0.0":
  version "4.0.0"
  resolved "https://registry.yarnpkg.com/js-tokens/-/js-tokens-4.0.0.tgz#19203fb59991df98e3a287050d4647cdeaf32499"

keyboard-key@^1.0.4:
  version "1.0.4"
  resolved "https://registry.yarnpkg.com/keyboard-key/-/keyboard-key-1.0.4.tgz#52d8fa07b7e17757072aa22a67fb4ae85e4c46b0"

keycode@^2.1.2:
  version "2.2.0"
  resolved "https://registry.yarnpkg.com/keycode/-/keycode-2.2.0.tgz#3d0af56dc7b8b8e5cba8d0a97f107204eec22b04"

lodash@^4.17.11:
  version "4.17.11"
  resolved "https://registry.yarnpkg.com/lodash/-/lodash-4.17.11.tgz#b39ea6229ef607ecd89e2c8df12536891cac9b8d"

loose-envify@^1.0.0, loose-envify@^1.1.0, loose-envify@^1.2.0, loose-envify@^1.3.1, loose-envify@^1.4.0:
  version "1.4.0"
  resolved "https://registry.yarnpkg.com/loose-envify/-/loose-envify-1.4.0.tgz#71ee51fa7be4caec1a63839f7e682d8132d30caf"
  dependencies:
    js-tokens "^3.0.0 || ^4.0.0"

node-fetch@^1.0.1:
  version "1.7.3"
  resolved "https://registry.yarnpkg.com/node-fetch/-/node-fetch-1.7.3.tgz#980f6f72d85211a5347c6b2bc18c5b84c3eb47ef"
  dependencies:
    encoding "^0.1.11"
    is-stream "^1.0.1"

object-assign@^4.1.0, object-assign@^4.1.1:
  version "4.1.1"
  resolved "https://registry.yarnpkg.com/object-assign/-/object-assign-4.1.1.tgz#2109adc7965887cfc05cbbd442cac8bfbb360863"

path-to-regexp@^1.7.0:
  version "1.7.0"
  resolved "https://registry.yarnpkg.com/path-to-regexp/-/path-to-regexp-1.7.0.tgz#59fde0f435badacba103a84e9d3bc64e96b9937d"
  dependencies:
    isarray "0.0.1"

popper.js@^1.14.4, popper.js@^1.14.6:
  version "1.14.7"
  resolved "https://registry.yarnpkg.com/popper.js/-/popper.js-1.14.7.tgz#e31ec06cfac6a97a53280c3e55e4e0c860e7738e"

promise@^7.1.1:
  version "7.3.1"
  resolved "https://registry.yarnpkg.com/promise/-/promise-7.3.1.tgz#064b72602b18f90f29192b8b1bc418ffd1ebd3bf"
  dependencies:
    asap "~2.0.3"

prop-types-extra@^1.1.0:
  version "1.1.0"
  resolved "https://registry.yarnpkg.com/prop-types-extra/-/prop-types-extra-1.1.0.tgz#32609910ea2dcf190366bacd3490d5a6412a605f"
  dependencies:
    react-is "^16.3.2"
    warning "^3.0.0"

prop-types@^15.6.1, prop-types@^15.6.2:
  version "15.7.1"
  resolved "https://registry.yarnpkg.com/prop-types/-/prop-types-15.7.1.tgz#2fa61e0a699d428b40320127733ee2931f05d9d1"
  dependencies:
    object-assign "^4.1.1"
    react-is "^16.8.1"

react-bootstrap@^1.0.0-beta.5:
  version "1.0.0-beta.5"
  resolved "https://registry.yarnpkg.com/react-bootstrap/-/react-bootstrap-1.0.0-beta.5.tgz#cf2c45a78bb0603c086d3fee3b454e21c3b5de6e"
  dependencies:
    "@babel/runtime" "^7.2.0"
    "@react-bootstrap/react-popper" "1.2.1"
    classnames "^2.2.6"
    dom-helpers "^3.4.0"
    invariant "^2.2.3"
    keycode "^2.1.2"
    popper.js "^1.14.6"
    prop-types "^15.6.2"
    prop-types-extra "^1.1.0"
    react-context-toolbox "^2.0.2"
    react-overlays "^1.0.0"
    react-prop-types "^0.4.0"
    react-transition-group "^2.5.1"
    uncontrollable "^6.0.0"
    warning "^4.0.1"

react-context-toolbox@^2.0.2:
  version "2.0.2"
  resolved "https://registry.yarnpkg.com/react-context-toolbox/-/react-context-toolbox-2.0.2.tgz#35637287cb23f801e6ed802c2bb7a97e1f04e3fb"

react-dom@^16.8.1:
  version "16.8.1"
  resolved "https://registry.yarnpkg.com/react-dom/-/react-dom-16.8.1.tgz#ec860f98853d09d39bafd3a6f1e12389d283dbb4"
  dependencies:
    loose-envify "^1.1.0"
    object-assign "^4.1.1"
    prop-types "^15.6.2"
    scheduler "^0.13.1"

react-is@^16.3.2, react-is@^16.7.0, react-is@^16.8.1:
  version "16.8.1"
  resolved "https://registry.yarnpkg.com/react-is/-/react-is-16.8.1.tgz#a80141e246eb894824fb4f2901c0c50ef31d4cdb"

react-lifecycles-compat@^3.0.4:
  version "3.0.4"
  resolved "https://registry.yarnpkg.com/react-lifecycles-compat/-/react-lifecycles-compat-3.0.4.tgz#4f1a273afdfc8f3488a8c516bfda78f872352362"

react-overlays@^1.0.0:
  version "1.1.1"
  resolved "https://registry.yarnpkg.com/react-overlays/-/react-overlays-1.1.1.tgz#81f8dddce11f8402cf86ece0f8c9780941495b64"
  dependencies:
    classnames "^2.2.6"
    dom-helpers "^3.4.0"
    prop-types "^15.6.2"
    prop-types-extra "^1.1.0"
    react-context-toolbox "^2.0.2"
    react-popper "^1.3.2"
    uncontrollable "^6.0.0"
    warning "^4.0.2"

react-popper@^1.3.2:
  version "1.3.3"
  resolved "https://registry.yarnpkg.com/react-popper/-/react-popper-1.3.3.tgz#2c6cef7515a991256b4f0536cd4bdcb58a7b6af6"
  dependencies:
    "@babel/runtime" "^7.1.2"
    create-react-context "<=0.2.2"
    popper.js "^1.14.4"
    prop-types "^15.6.1"
    typed-styles "^0.0.7"
    warning "^4.0.2"

react-prop-types@^0.4.0:
  version "0.4.0"
  resolved "https://registry.yarnpkg.com/react-prop-types/-/react-prop-types-0.4.0.tgz#f99b0bfb4006929c9af2051e7c1414a5c75b93d0"
  dependencies:
    warning "^3.0.0"

react-router-dom@^4.3.1:
  version "4.3.1"
  resolved "https://registry.yarnpkg.com/react-router-dom/-/react-router-dom-4.3.1.tgz#4c2619fc24c4fa87c9fd18f4fb4a43fe63fbd5c6"
  dependencies:
    history "^4.7.2"
    invariant "^2.2.4"
    loose-envify "^1.3.1"
    prop-types "^15.6.1"
    react-router "^4.3.1"
    warning "^4.0.1"

react-router@^4.3.1:
  version "4.3.1"
  resolved "https://registry.yarnpkg.com/react-router/-/react-router-4.3.1.tgz#aada4aef14c809cb2e686b05cee4742234506c4e"
  dependencies:
    history "^4.7.2"
    hoist-non-react-statics "^2.5.0"
    invariant "^2.2.4"
    loose-envify "^1.3.1"
    path-to-regexp "^1.7.0"
    prop-types "^15.6.1"
    warning "^4.0.1"

react-transition-group@^2.5.1:
  version "2.5.3"
  resolved "https://registry.yarnpkg.com/react-transition-group/-/react-transition-group-2.5.3.tgz#26de363cab19e5c88ae5dbae105c706cf953bb92"
  dependencies:
    dom-helpers "^3.3.1"
    loose-envify "^1.4.0"
    prop-types "^15.6.2"
    react-lifecycles-compat "^3.0.4"

regenerator-runtime@^0.11.0:
  version "0.11.1"
  resolved "https://registry.yarnpkg.com/regenerator-runtime/-/regenerator-runtime-0.11.1.tgz#be05ad7f9bf7d22e056f9726cee5017fbf19e2e9"

regenerator-runtime@^0.12.0:
  version "0.12.1"
  resolved "https://registry.yarnpkg.com/regenerator-runtime/-/regenerator-runtime-0.12.1.tgz#fa1a71544764c036f8c49b13a08b2594c9f8a0de"

resolve-pathname@^2.2.0:
  version "2.2.0"
  resolved "https://registry.yarnpkg.com/resolve-pathname/-/resolve-pathname-2.2.0.tgz#7e9ae21ed815fd63ab189adeee64dc831eefa879"

"safer-buffer@>= 2.1.2 < 3":
  version "2.1.2"
  resolved "https://registry.yarnpkg.com/safer-buffer/-/safer-buffer-2.1.2.tgz#44fa161b0187b9549dd84bb91802f9bd8385cd6a"

scheduler@^0.13.1:
  version "0.13.1"
  resolved "https://registry.yarnpkg.com/scheduler/-/scheduler-0.13.1.tgz#1a217df1bfaabaf4f1b92a9127d5d732d85a9591"
  dependencies:
    loose-envify "^1.1.0"
    object-assign "^4.1.1"

semantic-ui-css@^2.4.1:
  version "2.4.1"
  resolved "https://registry.yarnpkg.com/semantic-ui-css/-/semantic-ui-css-2.4.1.tgz#f5aea39fafb787cbd905ec724272a3f9cba9004a"
  dependencies:
    jquery x.*

semantic-ui-react@^0.85.0:
  version "0.85.0"
  resolved "https://registry.yarnpkg.com/semantic-ui-react/-/semantic-ui-react-0.85.0.tgz#64ff420e6432e61bc798baf27d368f73cf0cad28"
  dependencies:
    "@babel/runtime" "^7.1.2"
    "@semantic-ui-react/event-stack" "^3.0.1"
    classnames "^2.2.6"
    keyboard-key "^1.0.4"
    lodash "^4.17.11"
    prop-types "^15.6.2"
    react-is "^16.7.0"
    shallowequal "^1.1.0"

setimmediate@^1.0.5:
  version "1.0.5"
  resolved "https://registry.yarnpkg.com/setimmediate/-/setimmediate-1.0.5.tgz#290cbb232e306942d7d7ea9b83732ab7856f8285"

shallowequal@^1.1.0:
  version "1.1.0"
  resolved "https://registry.yarnpkg.com/shallowequal/-/shallowequal-1.1.0.tgz#188d521de95b9087404fd4dcb68b13df0ae4e7f8"

typed-styles@^0.0.5:
  version "0.0.5"
  resolved "https://registry.yarnpkg.com/typed-styles/-/typed-styles-0.0.5.tgz#a60df245d482a9b1adf9c06c078d0f06085ed1cf"

typed-styles@^0.0.7:
  version "0.0.7"
  resolved "https://registry.yarnpkg.com/typed-styles/-/typed-styles-0.0.7.tgz#93392a008794c4595119ff62dde6809dbc40a3d9"

ua-parser-js@^0.7.18:
  version "0.7.19"
  resolved "https://registry.yarnpkg.com/ua-parser-js/-/ua-parser-js-0.7.19.tgz#94151be4c0a7fb1d001af7022fdaca4642659e4b"

uncontrollable@^6.0.0:
  version "6.0.0"
  resolved "https://registry.yarnpkg.com/uncontrollable/-/uncontrollable-6.0.0.tgz#d39a3d5334802a862a0ef4a6e4ba0d19b8ddec4d"
  dependencies:
    invariant "^2.2.4"

value-equal@^0.4.0:
  version "0.4.0"
  resolved "https://registry.yarnpkg.com/value-equal/-/value-equal-0.4.0.tgz#c5bdd2f54ee093c04839d71ce2e4758a6890abc7"

warning@^3.0.0:
  version "3.0.0"
  resolved "https://registry.yarnpkg.com/warning/-/warning-3.0.0.tgz#32e5377cb572de4ab04753bdf8821c01ed605b7c"
  dependencies:
    loose-envify "^1.0.0"

warning@^4.0.1, warning@^4.0.2:
  version "4.0.3"
  resolved "https://registry.yarnpkg.com/warning/-/warning-4.0.3.tgz#16e9e077eb8a86d6af7d64aa1e05fd85b4678ca3"
  dependencies:
    loose-envify "^1.0.0"

whatwg-fetch@>=0.10.0:
  version "3.0.0"
  resolved "https://registry.yarnpkg.com/whatwg-fetch/-/whatwg-fetch-3.0.0.tgz#fc804e458cc460009b1a2b966bc8817d2578aefb"
